
Microsoft Visual Studio Solution File, Format Version 12.00
# Visual Studio Version 17
VisualStudioVersion = 17.10.35004.147
MinimumVisualStudioVersion = 10.0.40219.1
Project("{FAE04EC0-301F-11D3-BF4B-00C04F79EFBC}") = "bulate", "bulate.csproj", "{AF7D664A-0FD5-4BDA-88AD-8A2D0D6B568E}"
EndProject
Global
	GlobalSection(SolutionConfigurationPlatforms) = preSolution
		Debug|Any CPU = Debug|Any CPU
		Release|Any CPU = Release|Any CPU
	EndGlobalSection
	GlobalSection(ProjectConfigurationPlatforms) = postSolution
		{AF7D664A-0FD5-4BDA-88AD-8A2D0D6B568E}.Debug|Any CPU.ActiveCfg = Debug|Any CPU
		{AF7D664A-0FD5-4BDA-88AD-8A2D0D6B568E}.Debug|Any CPU.Build.0 = Debug|Any CPU
		{AF7D664A-0FD5-4BDA-88AD-8A2D0D6B568E}.Release|Any CPU.ActiveCfg = Release|Any CPU
		{AF7D664A-0FD5-4BDA-88AD-8A2D0D6B568E}.Release|Any CPU.Build.0 = Release|Any CPU
	EndGlobalSection
	GlobalSection(SolutionProperties) = preSolution
		HideSolutionNode = FALSE
	EndGlobalSection
	GlobalSection(ExtensibilityGlobals) = postSolution
		SolutionGuid = {BB39E791-1AFF-4D54-B7A9-7634265D9EF3}
	EndGlobalSection
EndGlobal
